
Microsoft Visual Studio Solution File, Format Version 12.00
# Visual Studio 15
VisualStudioVersion = 15.0.26730.3
MinimumVisualStudioVersion = 10.0.40219.1
Project("{FAE04EC0-301F-11D3-BF4B-00C04F79EFBC}") = "CorMon.Web", "CorMon.Web\CorMon.Web.csproj", "{9580FF16-1506-45EB-84A3-D5B8F41C1037}"
EndProject
Project("{FAE04EC0-301F-11D3-BF4B-00C04F79EFBC}") = "CorMon.Application", "CorMon.Application\CorMon.Application.csproj", "{184CE80B-F843-47B2-8ABA-445A866E061F}"
EndProject
Project("{FAE04EC0-301F-11D3-BF4B-00C04F79EFBC}") = "CorMon.Core", "CorMon.Core\CorMon.Core.csproj", "{773F0099-1A7A-40AE-A764-6C1CF08E56DA}"
EndProject
Project("{FAE04EC0-301F-11D3-BF4B-00C04F79EFBC}") = "CorMon.Infrastructure", "CorMon.Infrastructure\CorMon.Infrastructure.csproj", "{242D4665-8C03-4DCA-AE55-400039C5E1D3}"
EndProject
Project("{FAE04EC0-301F-11D3-BF4B-00C04F79EFBC}") = "CorMon.Resource", "CorMon.Resource\CorMon.Resource.csproj", "{337DC0B1-BFD7-4D40-A30E-6AE9109F7577}"
EndProject
Project("{FAE04EC0-301F-11D3-BF4B-00C04F79EFBC}") = "CorMon.IocConfig", "CorMon.IocConfig\CorMon.IocConfig.csproj", "{F8D1DA8B-5BE2-4FE8-A2D7-F1ADD3868F4B}"
EndProject
Global
	GlobalSection(SolutionConfigurationPlatforms) = preSolution
		Debug|Any CPU = Debug|Any CPU
		Release|Any CPU = Release|Any CPU
	EndGlobalSection
	GlobalSection(ProjectConfigurationPlatforms) = postSolution
		{9580FF16-1506-45EB-84A3-D5B8F41C1037}.Debug|Any CPU.ActiveCfg = Debug|Any CPU
		{9580FF16-1506-45EB-84A3-D5B8F41C1037}.Debug|Any CPU.Build.0 = Debug|Any CPU
		{9580FF16-1506-45EB-84A3-D5B8F41C1037}.Release|Any CPU.ActiveCfg = Release|Any CPU
		{9580FF16-1506-45EB-84A3-D5B8F41C1037}.Release|Any CPU.Build.0 = Release|Any CPU
		{184CE80B-F843-47B2-8ABA-445A866E061F}.Debug|Any CPU.ActiveCfg = Debug|Any CPU
		{184CE80B-F843-47B2-8ABA-445A866E061F}.Debug|Any CPU.Build.0 = Debug|Any CPU
		{184CE80B-F843-47B2-8ABA-445A866E061F}.Release|Any CPU.ActiveCfg = Release|Any CPU
		{184CE80B-F843-47B2-8ABA-445A866E061F}.Release|Any CPU.Build.0 = Release|Any CPU
		{773F0099-1A7A-40AE-A764-6C1CF08E56DA}.Debug|Any CPU.ActiveCfg = Debug|Any CPU
		{773F0099-1A7A-40AE-A764-6C1CF08E56DA}.Debug|Any CPU.Build.0 = Debug|Any CPU
		{773F0099-1A7A-40AE-A764-6C1CF08E56DA}.Release|Any CPU.ActiveCfg = Release|Any CPU
		{773F0099-1A7A-40AE-A764-6C1CF08E56DA}.Release|Any CPU.Build.0 = Release|Any CPU
		{242D4665-8C03-4DCA-AE55-400039C5E1D3}.Debug|Any CPU.ActiveCfg = Debug|Any CPU
		{242D4665-8C03-4DCA-AE55-400039C5E1D3}.Debug|Any CPU.Build.0 = Debug|Any CPU
		{242D4665-8C03-4DCA-AE55-400039C5E1D3}.Release|Any CPU.ActiveCfg = Release|Any CPU
		{242D4665-8C03-4DCA-AE55-400039C5E1D3}.Release|Any CPU.Build.0 = Release|Any CPU
		{337DC0B1-BFD7-4D40-A30E-6AE9109F7577}.Debug|Any CPU.ActiveCfg = Debug|Any CPU
		{337DC0B1-BFD7-4D40-A30E-6AE9109F7577}.Debug|Any CPU.Build.0 = Debug|Any CPU
		{337DC0B1-BFD7-4D40-A30E-6AE9109F7577}.Release|Any CPU.ActiveCfg = Release|Any CPU
		{337DC0B1-BFD7-4D40-A30E-6AE9109F7577}.Release|Any CPU.Build.0 = Release|Any CPU
		{F8D1DA8B-5BE2-4FE8-A2D7-F1ADD3868F4B}.Debug|Any CPU.ActiveCfg = Debug|Any CPU
		{F8D1DA8B-5BE2-4FE8-A2D7-F1ADD3868F4B}.Debug|Any CPU.Build.0 = Debug|Any CPU
		{F8D1DA8B-5BE2-4FE8-A2D7-F1ADD3868F4B}.Release|Any CPU.ActiveCfg = Release|Any CPU
		{F8D1DA8B-5BE2-4FE8-A2D7-F1ADD3868F4B}.Release|Any CPU.Build.0 = Release|Any CPU
	EndGlobalSection
	GlobalSection(SolutionProperties) = preSolution
		HideSolutionNode = FALSE
	EndGlobalSection
	GlobalSection(ExtensibilityGlobals) = postSolution
		SolutionGuid = {1AA7C160-88A3-4F7E-9632-671246E2A6EC}
	EndGlobalSection
EndGlobal
