
Microsoft Visual Studio Solution File, Format Version 12.00
# Visual Studio 15
VisualStudioVersion = 15.0.26730.8
MinimumVisualStudioVersion = 10.0.40219.1
Project("{9A19103F-16F7-4668-BE54-9A1E7A4F7556}") = "CorMon.Web", "CorMon.Web\CorMon.Web.csproj", "{9580FF16-1506-45EB-84A3-D5B8F41C1037}"
EndProject
Project("{9A19103F-16F7-4668-BE54-9A1E7A4F7556}") = "CorMon.Application", "CorMon.Application\CorMon.Application.csproj", "{184CE80B-F843-47B2-8ABA-445A866E061F}"
EndProject
Project("{9A19103F-16F7-4668-BE54-9A1E7A4F7556}") = "CorMon.Core", "CorMon.Core\CorMon.Core.csproj", "{773F0099-1A7A-40AE-A764-6C1CF08E56DA}"
EndProject
Project("{9A19103F-16F7-4668-BE54-9A1E7A4F7556}") = "CorMon.Infrastructure", "CorMon.Infrastructure\CorMon.Infrastructure.csproj", "{242D4665-8C03-4DCA-AE55-400039C5E1D3}"
EndProject
Project("{9A19103F-16F7-4668-BE54-9A1E7A4F7556}") = "CorMon.Resource", "CorMon.Resource\CorMon.Resource.csproj", "{337DC0B1-BFD7-4D40-A30E-6AE9109F7577}"
EndProject
Project("{9A19103F-16F7-4668-BE54-9A1E7A4F7556}") = "CorMon.IocConfig", "CorMon.IocConfig\CorMon.IocConfig.csproj", "{F8D1DA8B-5BE2-4FE8-A2D7-F1ADD3868F4B}"
EndProject
Project("{2150E333-8FDC-42A3-9474-1A3956D46DE8}") = "Libraries", "Libraries", "{14E82702-68C1-4585-A5B3-783A8EB8E6A0}"
EndProject
Project("{2150E333-8FDC-42A3-9474-1A3956D46DE8}") = "Presentation", "Presentation", "{85F9EA2C-4F75-4388-A56A-BB689C226886}"
EndProject
Project("{2150E333-8FDC-42A3-9474-1A3956D46DE8}") = "Tests", "Tests", "{500772FC-BE27-4D64-A058-77DBB2B8A945}"
EndProject
Project("{9A19103F-16F7-4668-BE54-9A1E7A4F7556}") = "CorMon.Web.Api", "CorMon.Web.Api\CorMon.Web.Api.csproj", "{6D1ACDB2-0BF4-4166-880D-3BD42203F26F}"
EndProject
Project("{2150E333-8FDC-42A3-9474-1A3956D46DE8}") = "UI", "UI", "{4A62A53D-47BE-40AA-88BB-D0E1CDE85ECB}"
EndProject
Project("{2150E333-8FDC-42A3-9474-1A3956D46DE8}") = "Unit", "Unit", "{453BBB22-F95A-4F0F-B363-2C742A5EDA6D}"
EndProject
Project("{9A19103F-16F7-4668-BE54-9A1E7A4F7556}") = "CorMon.Web.UITests", "CorMon.Web.UITests\CorMon.Web.UITests.csproj", "{2F20FCB0-BE3D-4E8A-8183-7E9B06090F2D}"
EndProject
Project("{9A19103F-16F7-4668-BE54-9A1E7A4F7556}") = "CorMon.Web.Api.UITests", "CorMon.Web.Api.UITests\CorMon.Web.Api.UITests.csproj", "{3EC9C01B-32F1-4573-BC2E-A821FD5B7E20}"
EndProject
Project("{9A19103F-16F7-4668-BE54-9A1E7A4F7556}") = "CorMon.Application.UnitTests", "CorMon.Application.UnitTests\CorMon.Application.UnitTests.csproj", "{C444E6ED-D72C-4D26-9596-49827F110EA7}"
EndProject
Project("{9A19103F-16F7-4668-BE54-9A1E7A4F7556}") = "CorMon.Web.UnitTests", "CorMon.Web.UnitTests\CorMon.Web.UnitTests.csproj", "{D90135DF-D711-4386-8095-46E4C186BF03}"
EndProject
Project("{9A19103F-16F7-4668-BE54-9A1E7A4F7556}") = "CorMon.Web.Api.UnitTests", "CorMon.Web.Api.UnitTests\CorMon.Web.Api.UnitTests.csproj", "{B3DAC64F-E9BD-4F9D-B340-34F7632A965C}"
EndProject
Project("{FAE04EC0-301F-11D3-BF4B-00C04F79EFBC}") = "CorMon.UITests.Base", "CorMon.UITests.Base\CorMon.UITests.Base.csproj", "{3C8DA60D-9988-4CBC-AED7-679C5A25C3F8}"
EndProject
Global
	GlobalSection(SolutionConfigurationPlatforms) = preSolution
		Debug|Any CPU = Debug|Any CPU
		Release|Any CPU = Release|Any CPU
	EndGlobalSection
	GlobalSection(ProjectConfigurationPlatforms) = postSolution
		{9580FF16-1506-45EB-84A3-D5B8F41C1037}.Debug|Any CPU.ActiveCfg = Debug|Any CPU
		{9580FF16-1506-45EB-84A3-D5B8F41C1037}.Debug|Any CPU.Build.0 = Debug|Any CPU
		{9580FF16-1506-45EB-84A3-D5B8F41C1037}.Release|Any CPU.ActiveCfg = Release|Any CPU
		{9580FF16-1506-45EB-84A3-D5B8F41C1037}.Release|Any CPU.Build.0 = Release|Any CPU
		{184CE80B-F843-47B2-8ABA-445A866E061F}.Debug|Any CPU.ActiveCfg = Debug|Any CPU
		{184CE80B-F843-47B2-8ABA-445A866E061F}.Debug|Any CPU.Build.0 = Debug|Any CPU
		{184CE80B-F843-47B2-8ABA-445A866E061F}.Release|Any CPU.ActiveCfg = Release|Any CPU
		{184CE80B-F843-47B2-8ABA-445A866E061F}.Release|Any CPU.Build.0 = Release|Any CPU
		{773F0099-1A7A-40AE-A764-6C1CF08E56DA}.Debug|Any CPU.ActiveCfg = Debug|Any CPU
		{773F0099-1A7A-40AE-A764-6C1CF08E56DA}.Debug|Any CPU.Build.0 = Debug|Any CPU
		{773F0099-1A7A-40AE-A764-6C1CF08E56DA}.Release|Any CPU.ActiveCfg = Release|Any CPU
		{773F0099-1A7A-40AE-A764-6C1CF08E56DA}.Release|Any CPU.Build.0 = Release|Any CPU
		{242D4665-8C03-4DCA-AE55-400039C5E1D3}.Debug|Any CPU.ActiveCfg = Debug|Any CPU
		{242D4665-8C03-4DCA-AE55-400039C5E1D3}.Debug|Any CPU.Build.0 = Debug|Any CPU
		{242D4665-8C03-4DCA-AE55-400039C5E1D3}.Release|Any CPU.ActiveCfg = Release|Any CPU
		{242D4665-8C03-4DCA-AE55-400039C5E1D3}.Release|Any CPU.Build.0 = Release|Any CPU
		{337DC0B1-BFD7-4D40-A30E-6AE9109F7577}.Debug|Any CPU.ActiveCfg = Debug|Any CPU
		{337DC0B1-BFD7-4D40-A30E-6AE9109F7577}.Debug|Any CPU.Build.0 = Debug|Any CPU
		{337DC0B1-BFD7-4D40-A30E-6AE9109F7577}.Release|Any CPU.ActiveCfg = Release|Any CPU
		{337DC0B1-BFD7-4D40-A30E-6AE9109F7577}.Release|Any CPU.Build.0 = Release|Any CPU
		{F8D1DA8B-5BE2-4FE8-A2D7-F1ADD3868F4B}.Debug|Any CPU.ActiveCfg = Debug|Any CPU
		{F8D1DA8B-5BE2-4FE8-A2D7-F1ADD3868F4B}.Debug|Any CPU.Build.0 = Debug|Any CPU
		{F8D1DA8B-5BE2-4FE8-A2D7-F1ADD3868F4B}.Release|Any CPU.ActiveCfg = Release|Any CPU
		{F8D1DA8B-5BE2-4FE8-A2D7-F1ADD3868F4B}.Release|Any CPU.Build.0 = Release|Any CPU
		{6D1ACDB2-0BF4-4166-880D-3BD42203F26F}.Debug|Any CPU.ActiveCfg = Debug|Any CPU
		{6D1ACDB2-0BF4-4166-880D-3BD42203F26F}.Debug|Any CPU.Build.0 = Debug|Any CPU
		{6D1ACDB2-0BF4-4166-880D-3BD42203F26F}.Release|Any CPU.ActiveCfg = Release|Any CPU
		{6D1ACDB2-0BF4-4166-880D-3BD42203F26F}.Release|Any CPU.Build.0 = Release|Any CPU
		{2F20FCB0-BE3D-4E8A-8183-7E9B06090F2D}.Debug|Any CPU.ActiveCfg = Debug|Any CPU
		{2F20FCB0-BE3D-4E8A-8183-7E9B06090F2D}.Debug|Any CPU.Build.0 = Debug|Any CPU
		{2F20FCB0-BE3D-4E8A-8183-7E9B06090F2D}.Release|Any CPU.ActiveCfg = Release|Any CPU
		{2F20FCB0-BE3D-4E8A-8183-7E9B06090F2D}.Release|Any CPU.Build.0 = Release|Any CPU
		{3EC9C01B-32F1-4573-BC2E-A821FD5B7E20}.Debug|Any CPU.ActiveCfg = Debug|Any CPU
		{3EC9C01B-32F1-4573-BC2E-A821FD5B7E20}.Debug|Any CPU.Build.0 = Debug|Any CPU
		{3EC9C01B-32F1-4573-BC2E-A821FD5B7E20}.Release|Any CPU.ActiveCfg = Release|Any CPU
		{3EC9C01B-32F1-4573-BC2E-A821FD5B7E20}.Release|Any CPU.Build.0 = Release|Any CPU
		{C444E6ED-D72C-4D26-9596-49827F110EA7}.Debug|Any CPU.ActiveCfg = Debug|Any CPU
		{C444E6ED-D72C-4D26-9596-49827F110EA7}.Debug|Any CPU.Build.0 = Debug|Any CPU
		{C444E6ED-D72C-4D26-9596-49827F110EA7}.Release|Any CPU.ActiveCfg = Release|Any CPU
		{C444E6ED-D72C-4D26-9596-49827F110EA7}.Release|Any CPU.Build.0 = Release|Any CPU
		{D90135DF-D711-4386-8095-46E4C186BF03}.Debug|Any CPU.ActiveCfg = Debug|Any CPU
		{D90135DF-D711-4386-8095-46E4C186BF03}.Debug|Any CPU.Build.0 = Debug|Any CPU
		{D90135DF-D711-4386-8095-46E4C186BF03}.Release|Any CPU.ActiveCfg = Release|Any CPU
		{D90135DF-D711-4386-8095-46E4C186BF03}.Release|Any CPU.Build.0 = Release|Any CPU
		{B3DAC64F-E9BD-4F9D-B340-34F7632A965C}.Debug|Any CPU.ActiveCfg = Debug|Any CPU
		{B3DAC64F-E9BD-4F9D-B340-34F7632A965C}.Debug|Any CPU.Build.0 = Debug|Any CPU
		{B3DAC64F-E9BD-4F9D-B340-34F7632A965C}.Release|Any CPU.ActiveCfg = Release|Any CPU
		{B3DAC64F-E9BD-4F9D-B340-34F7632A965C}.Release|Any CPU.Build.0 = Release|Any CPU
		{3C8DA60D-9988-4CBC-AED7-679C5A25C3F8}.Debug|Any CPU.ActiveCfg = Debug|Any CPU
		{3C8DA60D-9988-4CBC-AED7-679C5A25C3F8}.Debug|Any CPU.Build.0 = Debug|Any CPU
		{3C8DA60D-9988-4CBC-AED7-679C5A25C3F8}.Release|Any CPU.ActiveCfg = Release|Any CPU
		{3C8DA60D-9988-4CBC-AED7-679C5A25C3F8}.Release|Any CPU.Build.0 = Release|Any CPU
	EndGlobalSection
	GlobalSection(SolutionProperties) = preSolution
		HideSolutionNode = FALSE
	EndGlobalSection
	GlobalSection(NestedProjects) = preSolution
		{9580FF16-1506-45EB-84A3-D5B8F41C1037} = {85F9EA2C-4F75-4388-A56A-BB689C226886}
		{184CE80B-F843-47B2-8ABA-445A866E061F} = {14E82702-68C1-4585-A5B3-783A8EB8E6A0}
		{773F0099-1A7A-40AE-A764-6C1CF08E56DA} = {14E82702-68C1-4585-A5B3-783A8EB8E6A0}
		{242D4665-8C03-4DCA-AE55-400039C5E1D3} = {14E82702-68C1-4585-A5B3-783A8EB8E6A0}
		{337DC0B1-BFD7-4D40-A30E-6AE9109F7577} = {14E82702-68C1-4585-A5B3-783A8EB8E6A0}
		{F8D1DA8B-5BE2-4FE8-A2D7-F1ADD3868F4B} = {14E82702-68C1-4585-A5B3-783A8EB8E6A0}
		{6D1ACDB2-0BF4-4166-880D-3BD42203F26F} = {85F9EA2C-4F75-4388-A56A-BB689C226886}
		{4A62A53D-47BE-40AA-88BB-D0E1CDE85ECB} = {500772FC-BE27-4D64-A058-77DBB2B8A945}
		{453BBB22-F95A-4F0F-B363-2C742A5EDA6D} = {500772FC-BE27-4D64-A058-77DBB2B8A945}
		{2F20FCB0-BE3D-4E8A-8183-7E9B06090F2D} = {4A62A53D-47BE-40AA-88BB-D0E1CDE85ECB}
		{3EC9C01B-32F1-4573-BC2E-A821FD5B7E20} = {4A62A53D-47BE-40AA-88BB-D0E1CDE85ECB}
		{C444E6ED-D72C-4D26-9596-49827F110EA7} = {453BBB22-F95A-4F0F-B363-2C742A5EDA6D}
		{D90135DF-D711-4386-8095-46E4C186BF03} = {453BBB22-F95A-4F0F-B363-2C742A5EDA6D}
		{B3DAC64F-E9BD-4F9D-B340-34F7632A965C} = {453BBB22-F95A-4F0F-B363-2C742A5EDA6D}
		{3C8DA60D-9988-4CBC-AED7-679C5A25C3F8} = {4A62A53D-47BE-40AA-88BB-D0E1CDE85ECB}
	EndGlobalSection
	GlobalSection(ExtensibilityGlobals) = postSolution
		SolutionGuid = {1AA7C160-88A3-4F7E-9632-671246E2A6EC}
	EndGlobalSection
EndGlobal
